{
  "name": "rekmedgen",
  "version": "1.0.0",
  "lockfileVersion": 2,
  "requires": true,
  "packages": {
    "": {
      "name": "rekmedgen",
      "version": "1.0.0",
      "license": "ISC",
      "dependencies": {
        "json-sql": "^0.5.0"
      },
      "devDependencies": {
        "@faker-js/faker": "^7.3.0"
      }
    },
    "node_modules/@faker-js/faker": {
      "version": "7.3.0",
      "resolved": "https://registry.npmjs.org/@faker-js/faker/-/faker-7.3.0.tgz",
      "integrity": "sha512-1W0PZezq2rxlAssoWemi9gFRD8IQxvf0FPL5Km3TOmGHFG7ib0TbFBJ0yC7D/1NsxunjNTK6WjUXV8ao/mKZ5w==",
      "dev": true,
      "engines": {
        "node": ">=14.0.0",
        "npm": ">=6.0.0"
      }
    },
    "node_modules/json-sql": {
      "version": "0.5.0",
      "resolved": "https://registry.npmjs.org/json-sql/-/json-sql-0.5.0.tgz",
      "integrity": "sha512-f2vlEHp8OEZUOm60Vq5gegYJxPLtmDOHJSSaJuzgRtHPQprupEjycYmUbRZwliBUN31fOvvCJhiqVjntVxGqmA==",
      "dependencies": {
        "underscore": "1.8.2"
      }
    },
    "node_modules/underscore": {
      "version": "1.8.2",
      "resolved": "https://registry.npmjs.org/underscore/-/underscore-1.8.2.tgz",
      "integrity": "sha512-CHzhycUy6eSLBV/Yksw4nSDIcsNAsdAExaSILTOSvZkfmymBxxrvnrUGoFJSYEUJvEe8C/p8a5Cs844mtwgNOw=="
    }
  },
  "dependencies": {
    "@faker-js/faker": {
      "version": "7.3.0",
      "resolved": "https://registry.npmjs.org/@faker-js/faker/-/faker-7.3.0.tgz",
      "integrity": "sha512-1W0PZezq2rxlAssoWemi9gFRD8IQxvf0FPL5Km3TOmGHFG7ib0TbFBJ0yC7D/1NsxunjNTK6WjUXV8ao/mKZ5w==",
      "dev": true
    },
    "json-sql": {
      "version": "0.5.0",
      "resolved": "https://registry.npmjs.org/json-sql/-/json-sql-0.5.0.tgz",
      "integrity": "sha512-f2vlEHp8OEZUOm60Vq5gegYJxPLtmDOHJSSaJuzgRtHPQprupEjycYmUbRZwliBUN31fOvvCJhiqVjntVxGqmA==",
      "requires": {
        "underscore": "1.8.2"
      }
    },
    "underscore": {
      "version": "1.8.2",
      "resolved": "https://registry.npmjs.org/underscore/-/underscore-1.8.2.tgz",
      "integrity": "sha512-CHzhycUy6eSLBV/Yksw4nSDIcsNAsdAExaSILTOSvZkfmymBxxrvnrUGoFJSYEUJvEe8C/p8a5Cs844mtwgNOw=="
    }
  }
}
